
Microsoft Visual Studio Solution File, Format Version 12.00
# Visual Studio Version 17
VisualStudioVersion = 17.5.33502.453
MinimumVisualStudioVersion = 10.0.40219.1
Project("{FAE04EC0-301F-11D3-BF4B-00C04F79EFBC}") = "PRIME number", "PRIME number\PRIME number.csproj", "{03A199A5-C46C-4A63-9962-47507FB58E14}"
EndProject
Global
	GlobalSection(SolutionConfigurationPlatforms) = preSolution
		Debug|Any CPU = Debug|Any CPU
		Release|Any CPU = Release|Any CPU
	EndGlobalSection
	GlobalSection(ProjectConfigurationPlatforms) = postSolution
		{03A199A5-C46C-4A63-9962-47507FB58E14}.Debug|Any CPU.ActiveCfg = Debug|Any CPU
		{03A199A5-C46C-4A63-9962-47507FB58E14}.Debug|Any CPU.Build.0 = Debug|Any CPU
		{03A199A5-C46C-4A63-9962-47507FB58E14}.Release|Any CPU.ActiveCfg = Release|Any CPU
		{03A199A5-C46C-4A63-9962-47507FB58E14}.Release|Any CPU.Build.0 = Release|Any CPU
	EndGlobalSection
	GlobalSection(SolutionProperties) = preSolution
		HideSolutionNode = FALSE
	EndGlobalSection
	GlobalSection(ExtensibilityGlobals) = postSolution
		SolutionGuid = {F1C762CD-D560-4E3B-9AAF-F435B1206B85}
	EndGlobalSection
EndGlobal
